
Microsoft Visual Studio Solution File, Format Version 12.00
# Visual Studio Version 17
VisualStudioVersion = 17.7.34221.43
MinimumVisualStudioVersion = 10.0.40219.1
Project("{888888A0-9F3D-457C-B088-3A5042F75D52}") = "OPENCV Proje-1", "OPENCV Proje-1.pyproj", "{5E4311E3-DBF8-4443-A337-A36442E431B3}"
EndProject
Global
	GlobalSection(SolutionConfigurationPlatforms) = preSolution
		Debug|Any CPU = Debug|Any CPU
		Release|Any CPU = Release|Any CPU
	EndGlobalSection
	GlobalSection(ProjectConfigurationPlatforms) = postSolution
		{5E4311E3-DBF8-4443-A337-A36442E431B3}.Debug|Any CPU.ActiveCfg = Debug|Any CPU
		{5E4311E3-DBF8-4443-A337-A36442E431B3}.Release|Any CPU.ActiveCfg = Release|Any CPU
	EndGlobalSection
	GlobalSection(SolutionProperties) = preSolution
		HideSolutionNode = FALSE
	EndGlobalSection
	GlobalSection(ExtensibilityGlobals) = postSolution
		SolutionGuid = {54B33DB8-7DB9-43EE-8DC8-B67370342C22}
	EndGlobalSection
EndGlobal
